// !$*UTF8*$!
{
	archiveVersion = 1;
	classes = {
	};
	objectVersion = 46;
	objects = {

/* Begin PBXBuildFile section */
		1F70670D1CAC700300EF8588 /* AppDelegate.swift in Sources */ = {isa = PBXBuildFile; fileRef = 1F70670C1CAC700300EF8588 /* AppDelegate.swift */; };
		1F70670F1CAC700300EF8588 /* FirstViewController.swift in Sources */ = {isa = PBXBuildFile; fileRef = 1F70670E1CAC700300EF8588 /* FirstViewController.swift */; };
		1F7067111CAC700300EF8588 /* SecondViewController.swift in Sources */ = {isa = PBXBuildFile; fileRef = 1F7067101CAC700300EF8588 /* SecondViewController.swift */; };
		1F7067141CAC700300EF8588 /* Main.storyboard in Resources */ = {isa = PBXBuildFile; fileRef = 1F7067121CAC700300EF8588 /* Main.storyboard */; };
		1F7067161CAC700300EF8588 /* Assets.xcassets in Resources */ = {isa = PBXBuildFile; fileRef = 1F7067151CAC700300EF8588 /* Assets.xcassets */; };
		1F7067191CAC700300EF8588 /* LaunchScreen.storyboard in Resources */ = {isa = PBXBuildFile; fileRef = 1F7067171CAC700300EF8588 /* LaunchScreen.storyboard */; };
		1F7067211CAC83F800EF8588 /* FourthViewController.swift in Sources */ = {isa = PBXBuildFile; fileRef = 1F7067201CAC83F800EF8588 /* FourthViewController.swift */; };
		1F842A6D1CACAF8300D8381E /* MediaPlayer.framework in Frameworks */ = {isa = PBXBuildFile; fileRef = 1F842A6C1CACAF8300D8381E /* MediaPlayer.framework */; };
		1F842A701CACAFC300D8381E /* RadioStation.swift in Sources */ = {isa = PBXBuildFile; fileRef = 1F842A6F1CACAFC300D8381E /* RadioStation.swift */; };
		1F842A721CACAFD400D8381E /* Player.swift in Sources */ = {isa = PBXBuildFile; fileRef = 1F842A711CACAFD400D8381E /* Player.swift */; };
		1F842A741CACB07900D8381E /* SwiftyJSON.swift in Sources */ = {isa = PBXBuildFile; fileRef = 1F842A731CACB07900D8381E /* SwiftyJSON.swift */; };
		1F842A761CACB6CB00D8381E /* ScheduleManager.swift in Sources */ = {isa = PBXBuildFile; fileRef = 1F842A751CACB6CB00D8381E /* ScheduleManager.swift */; };
		1F842A781CACBDAF00D8381E /* ThirdViewController.swift in Sources */ = {isa = PBXBuildFile; fileRef = 1F842A771CACBDAF00D8381E /* ThirdViewController.swift */; };
		1F842A7A1CACBE2E00D8381E /* TableCell.swift in Sources */ = {isa = PBXBuildFile; fileRef = 1F842A791CACBE2E00D8381E /* TableCell.swift */; };
		1FB690F21CAD80AD00B5DE62 /* PlaysManager.swift in Sources */ = {isa = PBXBuildFile; fileRef = 1FB690F11CAD80AD00B5DE62 /* PlaysManager.swift */; };
		1FB690F41CAD834700B5DE62 /* PlayCell.swift in Sources */ = {isa = PBXBuildFile; fileRef = 1FB690F31CAD834700B5DE62 /* PlayCell.swift */; };
/* End PBXBuildFile section */

/* Begin PBXFileReference section */
		1F7067091CAC700300EF8588 /* WMUASwift.app */ = {isa = PBXFileReference; explicitFileType = wrapper.application; includeInIndex = 0; path = WMUASwift.app; sourceTree = BUILT_PRODUCTS_DIR; };
		1F70670C1CAC700300EF8588 /* AppDelegate.swift */ = {isa = PBXFileReference; lastKnownFileType = sourcecode.swift; path = AppDelegate.swift; sourceTree = "<group>"; };
		1F70670E1CAC700300EF8588 /* FirstViewController.swift */ = {isa = PBXFileReference; lastKnownFileType = sourcecode.swift; path = FirstViewController.swift; sourceTree = "<group>"; };
		1F7067101CAC700300EF8588 /* SecondViewController.swift */ = {isa = PBXFileReference; lastKnownFileType = sourcecode.swift; path = SecondViewController.swift; sourceTree = "<group>"; };
		1F7067131CAC700300EF8588 /* Base */ = {isa = PBXFileReference; lastKnownFileType = file.storyboard; name = Base; path = Base.lproj/Main.storyboard; sourceTree = "<group>"; };
		1F7067151CAC700300EF8588 /* Assets.xcassets */ = {isa = PBXFileReference; lastKnownFileType = folder.assetcatalog; path = Assets.xcassets; sourceTree = "<group>"; };
		1F7067181CAC700300EF8588 /* Base */ = {isa = PBXFileReference; lastKnownFileType = file.storyboard; name = Base; path = Base.lproj/LaunchScreen.storyboard; sourceTree = "<group>"; };
		1F70671A1CAC700300EF8588 /* Info.plist */ = {isa = PBXFileReference; lastKnownFileType = text.plist.xml; path = Info.plist; sourceTree = "<group>"; };
		1F7067201CAC83F800EF8588 /* FourthViewController.swift */ = {isa = PBXFileReference; fileEncoding = 4; lastKnownFileType = sourcecode.swift; path = FourthViewController.swift; sourceTree = "<group>"; };
		1F842A6C1CACAF8300D8381E /* MediaPlayer.framework */ = {isa = PBXFileReference; lastKnownFileType = wrapper.framework; name = MediaPlayer.framework; path = System/Library/Frameworks/MediaPlayer.framework; sourceTree = SDKROOT; };
		1F842A6F1CACAFC300D8381E /* RadioStation.swift */ = {isa = PBXFileReference; fileEncoding = 4; lastKnownFileType = sourcecode.swift; path = RadioStation.swift; sourceTree = "<group>"; };
		1F842A711CACAFD400D8381E /* Player.swift */ = {isa = PBXFileReference; fileEncoding = 4; lastKnownFileType = sourcecode.swift; path = Player.swift; sourceTree = "<group>"; };
		1F842A731CACB07900D8381E /* SwiftyJSON.swift */ = {isa = PBXFileReference; fileEncoding = 4; lastKnownFileType = sourcecode.swift; path = SwiftyJSON.swift; sourceTree = "<group>"; };
		1F842A751CACB6CB00D8381E /* ScheduleManager.swift */ = {isa = PBXFileReference; fileEncoding = 4; lastKnownFileType = sourcecode.swift; path = ScheduleManager.swift; sourceTree = "<group>"; };
		1F842A771CACBDAF00D8381E /* ThirdViewController.swift */ = {isa = PBXFileReference; fileEncoding = 4; lastKnownFileType = sourcecode.swift; path = ThirdViewController.swift; sourceTree = "<group>"; };
		1F842A791CACBE2E00D8381E /* TableCell.swift */ = {isa = PBXFileReference; fileEncoding = 4; lastKnownFileType = sourcecode.swift; path = TableCell.swift; sourceTree = "<group>"; };
		1FB690F11CAD80AD00B5DE62 /* PlaysManager.swift */ = {isa = PBXFileReference; fileEncoding = 4; lastKnownFileType = sourcecode.swift; path = PlaysManager.swift; sourceTree = "<group>"; };
		1FB690F31CAD834700B5DE62 /* PlayCell.swift */ = {isa = PBXFileReference; fileEncoding = 4; lastKnownFileType = sourcecode.swift; path = PlayCell.swift; sourceTree = "<group>"; };
/* End PBXFileReference section */

/* Begin PBXFrameworksBuildPhase section */
		1F7067061CAC700300EF8588 /* Frameworks */ = {
			isa = PBXFrameworksBuildPhase;
			buildActionMask = 2147483647;
			files = (
				1F842A6D1CACAF8300D8381E /* MediaPlayer.framework in Frameworks */,
			);
			runOnlyForDeploymentPostprocessing = 0;
		};
/* End PBXFrameworksBuildPhase section */

/* Begin PBXGroup section */
		1F7067001CAC700300EF8588 = {
			isa = PBXGroup;
			children = (
				1F842A6E1CACAFA200D8381E /* Model */,
				1F842A6C1CACAF8300D8381E /* MediaPlayer.framework */,
				1F70670B1CAC700300EF8588 /* WMUASwift */,
				1F70670A1CAC700300EF8588 /* Products */,
			);
			sourceTree = "<group>";
		};
		1F70670A1CAC700300EF8588 /* Products */ = {
			isa = PBXGroup;
			children = (
				1F7067091CAC700300EF8588 /* WMUASwift.app */,
			);
			name = Products;
			sourceTree = "<group>";
		};
		1F70670B1CAC700300EF8588 /* WMUASwift */ = {
			isa = PBXGroup;
			children = (
				1F70670C1CAC700300EF8588 /* AppDelegate.swift */,
				1F70670E1CAC700300EF8588 /* FirstViewController.swift */,
				1F842A751CACB6CB00D8381E /* ScheduleManager.swift */,
				1FB690F11CAD80AD00B5DE62 /* PlaysManager.swift */,
				1F7067101CAC700300EF8588 /* SecondViewController.swift */,
				1F842A771CACBDAF00D8381E /* ThirdViewController.swift */,
				1F842A791CACBE2E00D8381E /* TableCell.swift */,
				1FB690F31CAD834700B5DE62 /* PlayCell.swift */,
				1F7067201CAC83F800EF8588 /* FourthViewController.swift */,
				1F7067121CAC700300EF8588 /* Main.storyboard */,
				1F7067151CAC700300EF8588 /* Assets.xcassets */,
				1F7067171CAC700300EF8588 /* LaunchScreen.storyboard */,
				1F70671A1CAC700300EF8588 /* Info.plist */,
			);
			path = WMUASwift;
			sourceTree = "<group>";
		};
		1F842A6E1CACAFA200D8381E /* Model */ = {
			isa = PBXGroup;
			children = (
				1F842A6F1CACAFC300D8381E /* RadioStation.swift */,
				1F842A711CACAFD400D8381E /* Player.swift */,
				1F842A731CACB07900D8381E /* SwiftyJSON.swift */,
			);
			name = Model;
			sourceTree = "<group>";
		};
/* End PBXGroup section */

/* Begin PBXNativeTarget section */
		1F7067081CAC700300EF8588 /* WMUASwift */ = {
			isa = PBXNativeTarget;
			buildConfigurationList = 1F70671D1CAC700300EF8588 /* Build configuration list for PBXNativeTarget "WMUASwift" */;
			buildPhases = (
				1F7067051CAC700300EF8588 /* Sources */,
				1F7067061CAC700300EF8588 /* Frameworks */,
				1F7067071CAC700300EF8588 /* Resources */,
			);
			buildRules = (
			);
			dependencies = (
			);
			name = WMUASwift;
			productName = WMUASwift;
			productReference = 1F7067091CAC700300EF8588 /* WMUASwift.app */;
			productType = "com.apple.product-type.application";
		};
/* End PBXNativeTarget section */

/* Begin PBXProject section */
		1F7067011CAC700300EF8588 /* Project object */ = {
			isa = PBXProject;
			attributes = {
				LastSwiftUpdateCheck = 0730;
				LastUpgradeCheck = 0800;
				ORGANIZATIONNAME = mikekeegan;
				TargetAttributes = {
					1F7067081CAC700300EF8588 = {
						CreatedOnToolsVersion = 7.3;
						DevelopmentTeam = X3JL3ZSTWS;
						LastSwiftMigration = 0800;
						SystemCapabilities = {
							com.apple.BackgroundModes = {
								enabled = 1;
							};
						};
					};
				};
			};
			buildConfigurationList = 1F7067041CAC700300EF8588 /* Build configuration list for PBXProject "WMUASwift" */;
			compatibilityVersion = "Xcode 3.2";
			developmentRegion = English;
			hasScannedForEncodings = 0;
			knownRegions = (
				en,
				Base,
			);
			mainGroup = 1F7067001CAC700300EF8588;
			productRefGroup = 1F70670A1CAC700300EF8588 /* Products */;
			projectDirPath = "";
			projectRoot = "";
			targets = (
				1F7067081CAC700300EF8588 /* WMUASwift */,
			);
		};
/* End PBXProject section */

/* Begin PBXResourcesBuildPhase section */
		1F7067071CAC700300EF8588 /* Resources */ = {
			isa = PBXResourcesBuildPhase;
			buildActionMask = 2147483647;
			files = (
				1F7067191CAC700300EF8588 /* LaunchScreen.storyboard in Resources */,
				1F7067161CAC700300EF8588 /* Assets.xcassets in Resources */,
				1F7067141CAC700300EF8588 /* Main.storyboard in Resources */,
			);
			runOnlyForDeploymentPostprocessing = 0;
		};
/* End PBXResourcesBuildPhase section */

/* Begin PBXSourcesBuildPhase section */
		1F7067051CAC700300EF8588 /* Sources */ = {
			isa = PBXSourcesBuildPhase;
			buildActionMask = 2147483647;
			files = (
				1FB690F21CAD80AD00B5DE62 /* PlaysManager.swift in Sources */,
				1F842A7A1CACBE2E00D8381E /* TableCell.swift in Sources */,
				1F842A761CACB6CB00D8381E /* ScheduleManager.swift in Sources */,
				1F842A781CACBDAF00D8381E /* ThirdViewController.swift in Sources */,
				1F7067211CAC83F800EF8588 /* FourthViewController.swift in Sources */,
				1F7067111CAC700300EF8588 /* SecondViewController.swift in Sources */,
				1F70670D1CAC700300EF8588 /* AppDelegate.swift in Sources */,
				1FB690F41CAD834700B5DE62 /* PlayCell.swift in Sources */,
				1F842A701CACAFC300D8381E /* RadioStation.swift in Sources */,
				1F842A721CACAFD400D8381E /* Player.swift in Sources */,
				1F70670F1CAC700300EF8588 /* FirstViewController.swift in Sources */,
				1F842A741CACB07900D8381E /* SwiftyJSON.swift in Sources */,
			);
			runOnlyForDeploymentPostprocessing = 0;
		};
/* End PBXSourcesBuildPhase section */

/* Begin PBXVariantGroup section */
		1F7067121CAC700300EF8588 /* Main.storyboard */ = {
			isa = PBXVariantGroup;
			children = (
				1F7067131CAC700300EF8588 /* Base */,
			);
			name = Main.storyboard;
			sourceTree = "<group>";
		};
		1F7067171CAC700300EF8588 /* LaunchScreen.storyboard */ = {
			isa = PBXVariantGroup;
			children = (
				1F7067181CAC700300EF8588 /* Base */,
			);
			name = LaunchScreen.storyboard;
			sourceTree = "<group>";
		};
/* End PBXVariantGroup section */

/* Begin XCBuildConfiguration section */
		1F70671B1CAC700300EF8588 /* Debug */ = {
			isa = XCBuildConfiguration;
			buildSettings = {
				ALWAYS_SEARCH_USER_PATHS = NO;
				CLANG_ANALYZER_NONNULL = YES;
				CLANG_CXX_LANGUAGE_STANDARD = "gnu++0x";
				CLANG_CXX_LIBRARY = "libc++";
				CLANG_ENABLE_MODULES = YES;
				CLANG_ENABLE_OBJC_ARC = YES;
				CLANG_WARN_BOOL_CONVERSION = YES;
				CLANG_WARN_CONSTANT_CONVERSION = YES;
				CLANG_WARN_DIRECT_OBJC_ISA_USAGE = YES_ERROR;
				CLANG_WARN_EMPTY_BODY = YES;
				CLANG_WARN_ENUM_CONVERSION = YES;
				CLANG_WARN_INFINITE_RECURSION = YES;
				CLANG_WARN_INT_CONVERSION = YES;
				CLANG_WARN_OBJC_ROOT_CLASS = YES_ERROR;
				CLANG_WARN_SUSPICIOUS_MOVE = YES;
				CLANG_WARN_UNREACHABLE_CODE = YES;
				CLANG_WARN__DUPLICATE_METHOD_MATCH = YES;
				"CODE_SIGN_IDENTITY[sdk=iphoneos*]" = "iPhone Developer";
				COPY_PHASE_STRIP = NO;
				DEBUG_INFORMATION_FORMAT = dwarf;
				ENABLE_STRICT_OBJC_MSGSEND = YES;
				ENABLE_TESTABILITY = YES;
				GCC_C_LANGUAGE_STANDARD = gnu99;
				GCC_DYNAMIC_NO_PIC = NO;
				GCC_NO_COMMON_BLOCKS = YES;
				GCC_OPTIMIZATION_LEVEL = 0;
				GCC_PREPROCESSOR_DEFINITIONS = (
					"DEBUG=1",
					"$(inherited)",
				);
				GCC_WARN_64_TO_32_BIT_CONVERSION = YES;
				GCC_WARN_ABOUT_RETURN_TYPE = YES_ERROR;
				GCC_WARN_UNDECLARED_SELECTOR = YES;
				GCC_WARN_UNINITIALIZED_AUTOS = YES_AGGRESSIVE;
				GCC_WARN_UNUSED_FUNCTION = YES;
				GCC_WARN_UNUSED_VARIABLE = YES;
				IPHONEOS_DEPLOYMENT_TARGET = 9.3;
				MTL_ENABLE_DEBUG_INFO = YES;
				ONLY_ACTIVE_ARCH = YES;
				SDKROOT = iphoneos;
				SWIFT_OPTIMIZATION_LEVEL = "-Onone";
				TARGETED_DEVICE_FAMILY = "1,2";
			};
			name = Debug;
		};
		1F70671C1CAC700300EF8588 /* Release */ = {
			isa = XCBuildConfiguration;
			buildSettings = {
				ALWAYS_SEARCH_USER_PATHS = NO;
				CLANG_ANALYZER_NONNULL = YES;
				CLANG_CXX_LANGUAGE_STANDARD = "gnu++0x";
				CLANG_CXX_LIBRARY = "libc++";
				CLANG_ENABLE_MODULES = YES;
				CLANG_ENABLE_OBJC_ARC = YES;
				CLANG_WARN_BOOL_CONVERSION = YES;
				CLANG_WARN_CONSTANT_CONVERSION = YES;
				CLANG_WARN_DIRECT_OBJC_ISA_USAGE = YES_ERROR;
				CLANG_WARN_EMPTY_BODY = YES;
				CLANG_WARN_ENUM_CONVERSION = YES;
				CLANG_WARN_INFINITE_RECURSION = YES;
				CLANG_WARN_INT_CONVERSION = YES;
				CLANG_WARN_OBJC_ROOT_CLASS = YES_ERROR;
				CLANG_WARN_SUSPICIOUS_MOVE = YES;
				CLANG_WARN_UNREACHABLE_CODE = YES;
				CLANG_WARN__DUPLICATE_METHOD_MATCH = YES;
				"CODE_SIGN_IDENTITY[sdk=iphoneos*]" = "iPhone Developer";
				COPY_PHASE_STRIP = NO;
				DEBUG_INFORMATION_FORMAT = "dwarf-with-dsym";
				ENABLE_NS_ASSERTIONS = NO;
				ENABLE_STRICT_OBJC_MSGSEND = YES;
				GCC_C_LANGUAGE_STANDARD = gnu99;
				GCC_NO_COMMON_BLOCKS = YES;
				GCC_WARN_64_TO_32_BIT_CONVERSION = YES;
				GCC_WARN_ABOUT_RETURN_TYPE = YES_ERROR;
				GCC_WARN_UNDECLARED_SELECTOR = YES;
				GCC_WARN_UNINITIALIZED_AUTOS = YES_AGGRESSIVE;
				GCC_WARN_UNUSED_FUNCTION = YES;
				GCC_WARN_UNUSED_VARIABLE = YES;
				IPHONEOS_DEPLOYMENT_TARGET = 9.3;
				MTL_ENABLE_DEBUG_INFO = NO;
				SDKROOT = iphoneos;
				SWIFT_OPTIMIZATION_LEVEL = "-Owholemodule";
				TARGETED_DEVICE_FAMILY = "1,2";
				VALIDATE_PRODUCT = YES;
			};
			name = Release;
		};
		1F70671E1CAC700300EF8588 /* Debug */ = {
			isa = XCBuildConfiguration;
			buildSettings = {
				ASSETCATALOG_COMPILER_APPICON_NAME = "AppIcon-1";
				CODE_SIGN_IDENTITY = "iPhone Developer";
				DEVELOPMENT_TEAM = X3JL3ZSTWS;
				INFOPLIST_FILE = WMUASwift/Info.plist;
				IPHONEOS_DEPLOYMENT_TARGET = 8.3;
				LD_RUNPATH_SEARCH_PATHS = "$(inherited) @executable_path/Frameworks";
				PRODUCT_BUNDLE_IDENTIFIER = mike.keegan.WMUA;
				PRODUCT_NAME = "$(TARGET_NAME)";
				SWIFT_VERSION = 3.0;
				TARGETED_DEVICE_FAMILY = 1;
			};
			name = Debug;
		};
		1F70671F1CAC700300EF8588 /* Release */ = {
			isa = XCBuildConfiguration;
			buildSettings = {
				ASSETCATALOG_COMPILER_APPICON_NAME = "AppIcon-1";
				CODE_SIGN_IDENTITY = "iPhone Developer";
				DEVELOPMENT_TEAM = X3JL3ZSTWS;
				INFOPLIST_FILE = WMUASwift/Info.plist;
				IPHONEOS_DEPLOYMENT_TARGET = 8.3;
				LD_RUNPATH_SEARCH_PATHS = "$(inherited) @executable_path/Frameworks";
				PRODUCT_BUNDLE_IDENTIFIER = mike.keegan.WMUA;
				PRODUCT_NAME = "$(TARGET_NAME)";
				SWIFT_VERSION = 3.0;
				TARGETED_DEVICE_FAMILY = 1;
			};
			name = Release;
		};
/* End XCBuildConfiguration section */

/* Begin XCConfigurationList section */
		1F7067041CAC700300EF8588 /* Build configuration list for PBXProject "WMUASwift" */ = {
			isa = XCConfigurationList;
			buildConfigurations = (
				1F70671B1CAC700300EF8588 /* Debug */,
				1F70671C1CAC700300EF8588 /* Release */,
			);
			defaultConfigurationIsVisible = 0;
			defaultConfigurationName = Release;
		};
		1F70671D1CAC700300EF8588 /* Build configuration list for PBXNativeTarget "WMUASwift" */ = {
			isa = XCConfigurationList;
			buildConfigurations = (
				1F70671E1CAC700300EF8588 /* Debug */,
				1F70671F1CAC700300EF8588 /* Release */,
			);
			defaultConfigurationIsVisible = 0;
			defaultConfigurationName = Release;
		};
/* End XCConfigurationList section */
	};
	rootObject = 1F7067011CAC700300EF8588 /* Project object */;
}
